
Microsoft Visual Studio Solution File, Format Version 12.00
# Visual Studio 15
VisualStudioVersion = 15.0.27703.2042
MinimumVisualStudioVersion = 10.0.40219.1
Project("{9A19103F-16F7-4668-BE54-9A1E7A4F7556}") = "ProjectSW", "SolutionSW\ProjectSW.csproj", "{525153F8-78E1-43EE-90C9-C0F41870E608}"
EndProject
Project("{FAE04EC0-301F-11D3-BF4B-00C04F79EFBC}") = "ProjectSW.DTO", "ProjectSW.DTO\ProjectSW.DTO.csproj", "{6CBC5D59-DFA8-438C-8E1C-3DB1E70B7BF0}"
EndProject
Project("{FAE04EC0-301F-11D3-BF4B-00C04F79EFBC}") = "ProjectSW.Business", "ProjectSW.Business\ProjectSW.Business.csproj", "{2E64477F-7801-4794-9958-23834302568C}"
EndProject
Project("{FAE04EC0-301F-11D3-BF4B-00C04F79EFBC}") = "ProjectSW.Business.UnitTests", "ProjectSW.Business.UnitTests\ProjectSW.Business.UnitTests.csproj", "{33210D45-6DC5-4892-9D20-9876B9319126}"
EndProject
Global
	GlobalSection(SolutionConfigurationPlatforms) = preSolution
		Debug|Any CPU = Debug|Any CPU
		Release|Any CPU = Release|Any CPU
	EndGlobalSection
	GlobalSection(ProjectConfigurationPlatforms) = postSolution
		{525153F8-78E1-43EE-90C9-C0F41870E608}.Debug|Any CPU.ActiveCfg = Debug|Any CPU
		{525153F8-78E1-43EE-90C9-C0F41870E608}.Debug|Any CPU.Build.0 = Debug|Any CPU
		{525153F8-78E1-43EE-90C9-C0F41870E608}.Release|Any CPU.ActiveCfg = Release|Any CPU
		{525153F8-78E1-43EE-90C9-C0F41870E608}.Release|Any CPU.Build.0 = Release|Any CPU
		{6CBC5D59-DFA8-438C-8E1C-3DB1E70B7BF0}.Debug|Any CPU.ActiveCfg = Debug|Any CPU
		{6CBC5D59-DFA8-438C-8E1C-3DB1E70B7BF0}.Debug|Any CPU.Build.0 = Debug|Any CPU
		{6CBC5D59-DFA8-438C-8E1C-3DB1E70B7BF0}.Release|Any CPU.ActiveCfg = Release|Any CPU
		{6CBC5D59-DFA8-438C-8E1C-3DB1E70B7BF0}.Release|Any CPU.Build.0 = Release|Any CPU
		{2E64477F-7801-4794-9958-23834302568C}.Debug|Any CPU.ActiveCfg = Debug|Any CPU
		{2E64477F-7801-4794-9958-23834302568C}.Debug|Any CPU.Build.0 = Debug|Any CPU
		{2E64477F-7801-4794-9958-23834302568C}.Release|Any CPU.ActiveCfg = Release|Any CPU
		{2E64477F-7801-4794-9958-23834302568C}.Release|Any CPU.Build.0 = Release|Any CPU
		{33210D45-6DC5-4892-9D20-9876B9319126}.Debug|Any CPU.ActiveCfg = Debug|Any CPU
		{33210D45-6DC5-4892-9D20-9876B9319126}.Debug|Any CPU.Build.0 = Debug|Any CPU
		{33210D45-6DC5-4892-9D20-9876B9319126}.Release|Any CPU.ActiveCfg = Release|Any CPU
		{33210D45-6DC5-4892-9D20-9876B9319126}.Release|Any CPU.Build.0 = Release|Any CPU
	EndGlobalSection
	GlobalSection(SolutionProperties) = preSolution
		HideSolutionNode = FALSE
	EndGlobalSection
	GlobalSection(ExtensibilityGlobals) = postSolution
		SolutionGuid = {7B72D7C7-19FB-48F4-90F2-865164124ACC}
	EndGlobalSection
EndGlobal
